
Microsoft Visual Studio Solution File, Format Version 12.00
# Visual Studio 2012
Project("{8BC9CEB8-8B4A-11D0-8D11-00A0C91BC942}") = "quasilattice_representation", "quasilattice_representation\quasilattice_representation.vcxproj", "{005CBCAB-0263-4E9A-8A37-29C1FED3C455}"
EndProject
Global
	GlobalSection(SolutionConfigurationPlatforms) = preSolution
		Debug|Win32 = Debug|Win32
		Release|Win32 = Release|Win32
	EndGlobalSection
	GlobalSection(ProjectConfigurationPlatforms) = postSolution
		{005CBCAB-0263-4E9A-8A37-29C1FED3C455}.Debug|Win32.ActiveCfg = Debug|Win32
		{005CBCAB-0263-4E9A-8A37-29C1FED3C455}.Debug|Win32.Build.0 = Debug|Win32
		{005CBCAB-0263-4E9A-8A37-29C1FED3C455}.Release|Win32.ActiveCfg = Release|Win32
		{005CBCAB-0263-4E9A-8A37-29C1FED3C455}.Release|Win32.Build.0 = Release|Win32
	EndGlobalSection
	GlobalSection(SolutionProperties) = preSolution
		HideSolutionNode = FALSE
	EndGlobalSection
EndGlobal
